{
  "name": "a2a-workshop",
  "lockfileVersion": 3,
  "requires": true,
  "packages": {
    "": {
      "name": "a2a-workshop",
      "dependencies": {
        "chrome-devtools-mcp": "0.20.0"
      }
    },
    "node_modules/chrome-devtools-mcp": {
      "version": "0.20.0",
      "resolved": "https://registry.npmjs.org/chrome-devtools-mcp/-/chrome-devtools-mcp-0.20.0.tgz",
      "integrity": "sha512-wBnt8901lAXdac3AB7WdONYTAXGW+YqqIVVg7PztxYVNPs3VVgM2UZnZT/ICYPIofKTuRBOkRdEE/VYm90ZgYA==",
      "license": "Apache-2.0",
      "bin": {
        "chrome-devtools": "build/src/bin/chrome-devtools.js",
        "chrome-devtools-mcp": "build/src/bin/chrome-devtools-mcp.js"
      },
      "engines": {
        "node": "^20.19.0 || ^22.12.0 || >=23"
      }
    }
  }
}
